
Microsoft Visual Studio Solution File, Format Version 12.00
# Visual Studio Version 16
VisualStudioVersion = 16.0.29025.244
MinimumVisualStudioVersion = 10.0.40219.1
Project("{FAE04EC0-301F-11D3-BF4B-00C04F79EFBC}") = "Radio Automation", "Radio Automation\Radio Automation.csproj", "{59450576-EC53-4FD5-9D93-BB3F9B61E044}"
EndProject
Project("{FAE04EC0-301F-11D3-BF4B-00C04F79EFBC}") = "WPFDarkTheme", "WPFDarkTheme\WPFDarkTheme.csproj", "{CC6F214A-F1FC-4516-ABF7-85EA0A426A10}"
EndProject
Project("{FAE04EC0-301F-11D3-BF4B-00C04F79EFBC}") = "Resources", "Resources\Resources.csproj", "{6785E9D3-DE59-48A9-8923-26CE871164DA}"
EndProject
Project("{FAE04EC0-301F-11D3-BF4B-00C04F79EFBC}") = "NAudioWrapper", "NAudioWrapper\NAudioWrapper.csproj", "{BA779E3D-4DC8-481B-8DB8-9C4A15E18ACB}"
EndProject
Global
	GlobalSection(SolutionConfigurationPlatforms) = preSolution
		Debug|Any CPU = Debug|Any CPU
		Release|Any CPU = Release|Any CPU
	EndGlobalSection
	GlobalSection(ProjectConfigurationPlatforms) = postSolution
		{59450576-EC53-4FD5-9D93-BB3F9B61E044}.Debug|Any CPU.ActiveCfg = Debug|Any CPU
		{59450576-EC53-4FD5-9D93-BB3F9B61E044}.Debug|Any CPU.Build.0 = Debug|Any CPU
		{59450576-EC53-4FD5-9D93-BB3F9B61E044}.Release|Any CPU.ActiveCfg = Release|Any CPU
		{59450576-EC53-4FD5-9D93-BB3F9B61E044}.Release|Any CPU.Build.0 = Release|Any CPU
		{CC6F214A-F1FC-4516-ABF7-85EA0A426A10}.Debug|Any CPU.ActiveCfg = Debug|Any CPU
		{CC6F214A-F1FC-4516-ABF7-85EA0A426A10}.Debug|Any CPU.Build.0 = Debug|Any CPU
		{CC6F214A-F1FC-4516-ABF7-85EA0A426A10}.Release|Any CPU.ActiveCfg = Release|Any CPU
		{CC6F214A-F1FC-4516-ABF7-85EA0A426A10}.Release|Any CPU.Build.0 = Release|Any CPU
		{6785E9D3-DE59-48A9-8923-26CE871164DA}.Debug|Any CPU.ActiveCfg = Debug|Any CPU
		{6785E9D3-DE59-48A9-8923-26CE871164DA}.Debug|Any CPU.Build.0 = Debug|Any CPU
		{6785E9D3-DE59-48A9-8923-26CE871164DA}.Release|Any CPU.ActiveCfg = Release|Any CPU
		{6785E9D3-DE59-48A9-8923-26CE871164DA}.Release|Any CPU.Build.0 = Release|Any CPU
		{BA779E3D-4DC8-481B-8DB8-9C4A15E18ACB}.Debug|Any CPU.ActiveCfg = Debug|Any CPU
		{BA779E3D-4DC8-481B-8DB8-9C4A15E18ACB}.Debug|Any CPU.Build.0 = Debug|Any CPU
		{BA779E3D-4DC8-481B-8DB8-9C4A15E18ACB}.Release|Any CPU.ActiveCfg = Release|Any CPU
		{BA779E3D-4DC8-481B-8DB8-9C4A15E18ACB}.Release|Any CPU.Build.0 = Release|Any CPU
	EndGlobalSection
	GlobalSection(SolutionProperties) = preSolution
		HideSolutionNode = FALSE
	EndGlobalSection
	GlobalSection(ExtensibilityGlobals) = postSolution
		SolutionGuid = {1B0B9401-00D4-4DC8-955D-E20C63E57002}
	EndGlobalSection
EndGlobal
